{
    "_readme": [
        "This file locks the dependencies of your project to a known state",
        "Read more about it at https://getcomposer.org/doc/01-basic-usage.md#installing-dependencies",
        "This file is @generated automatically"
    ],
    "content-hash": "28b4b7081c82a03bf57060d0b6c70d1a",
    "packages": [
        {
            "name": "rpurinton/config",
            "version": "1.0.22",
            "source": {
                "type": "git",
                "url": "https://github.com/rpurinton/config.git",
                "reference": "581d28e4dfea0f4fbb09e811df8947a30c0a1ad9"
            },
            "dist": {
                "type": "zip",
                "url": "https://api.github.com/repos/rpurinton/config/zipball/581d28e4dfea0f4fbb09e811df8947a30c0a1ad9",
                "reference": "581d28e4dfea0f4fbb09e811df8947a30c0a1ad9",
                "shasum": ""
            },
            "require": {
                "ext-json": "*",
                "php": "^8.0"
            },
            "type": "library",
            "autoload": {
                "psr-4": {
                    "RPurinton\\": "src/"
                }
            },
            "notification-url": "https://packagist.org/downloads/",
            "license": [
                "MIT"
            ],
            "authors": [
                {
                    "name": "Russell Purinton",
                    "email": "russell.purinton@gmail.com"
                }
            ],
            "description": "A basic configuration loading utility.",
            "support": {
                "issues": "https://github.com/rpurinton/config/issues",
                "source": "https://github.com/rpurinton/config/tree/1.0.22"
            },
            "time": "2025-02-23T15:58:51+00:00"
        }
    ],
    "packages-dev": [],
    "aliases": [],
    "minimum-stability": "stable",
    "stability-flags": {},
    "prefer-stable": false,
    "prefer-lowest": false,
    "platform": {
        "php": "^8.0",
        "ext-mysqli": "*"
    },
    "platform-dev": {},
    "plugin-api-version": "2.6.0"
}
